
Microsoft Visual Studio Solution File, Format Version 12.00
# Visual Studio Version 17
VisualStudioVersion = 17.1.32228.430
MinimumVisualStudioVersion = 10.0.40219.1
Project("{9A19103F-16F7-4668-BE54-9A1E7A4F7556}") = "UnitTests", "tests\UnitTests\UnitTests.csproj", "{FC6957AA-EA79-4824-8027-A3996BB46639}"
EndProject
Project("{FAE04EC0-301F-11D3-BF4B-00C04F79EFBC}") = "VkActivityService", "src\VkActivityService\VkActivityService\VkActivityService.csproj", "{70719B11-E8C0-4EF5-98DE-3E94453EE8A2}"
EndProject
Project("{9A19103F-16F7-4668-BE54-9A1E7A4F7556}") = "VkActivityAPI", "src\VkActivityAPI\VkActivityAPI.csproj", "{CC6A3B8F-ED36-40E1-AB05-A60A85E851AB}"
EndProject
Global
	GlobalSection(SolutionConfigurationPlatforms) = preSolution
		Debug|Any CPU = Debug|Any CPU
		Release|Any CPU = Release|Any CPU
	EndGlobalSection
	GlobalSection(ProjectConfigurationPlatforms) = postSolution
		{FC6957AA-EA79-4824-8027-A3996BB46639}.Debug|Any CPU.ActiveCfg = Debug|Any CPU
		{FC6957AA-EA79-4824-8027-A3996BB46639}.Debug|Any CPU.Build.0 = Debug|Any CPU
		{FC6957AA-EA79-4824-8027-A3996BB46639}.Release|Any CPU.ActiveCfg = Release|Any CPU
		{FC6957AA-EA79-4824-8027-A3996BB46639}.Release|Any CPU.Build.0 = Release|Any CPU
		{70719B11-E8C0-4EF5-98DE-3E94453EE8A2}.Debug|Any CPU.ActiveCfg = Debug|Any CPU
		{70719B11-E8C0-4EF5-98DE-3E94453EE8A2}.Debug|Any CPU.Build.0 = Debug|Any CPU
		{70719B11-E8C0-4EF5-98DE-3E94453EE8A2}.Release|Any CPU.ActiveCfg = Release|Any CPU
		{70719B11-E8C0-4EF5-98DE-3E94453EE8A2}.Release|Any CPU.Build.0 = Release|Any CPU
		{CC6A3B8F-ED36-40E1-AB05-A60A85E851AB}.Debug|Any CPU.ActiveCfg = Debug|Any CPU
		{CC6A3B8F-ED36-40E1-AB05-A60A85E851AB}.Debug|Any CPU.Build.0 = Debug|Any CPU
		{CC6A3B8F-ED36-40E1-AB05-A60A85E851AB}.Release|Any CPU.ActiveCfg = Release|Any CPU
		{CC6A3B8F-ED36-40E1-AB05-A60A85E851AB}.Release|Any CPU.Build.0 = Release|Any CPU
	EndGlobalSection
	GlobalSection(SolutionProperties) = preSolution
		HideSolutionNode = FALSE
	EndGlobalSection
	GlobalSection(ExtensibilityGlobals) = postSolution
		SolutionGuid = {EF09C8E8-C53F-43CA-B261-DB2B125F295F}
	EndGlobalSection
EndGlobal
